{
  "object": {
    "pins": [
      {
        "package": "CompArch",
        "repositoryURL": "https://github.com/finestructure/CompArch",
        "state": {
          "branch": null,
          "revision": "b3bbb247b18b29549e905e31e5a19ebc46d1cefb",
          "version": "0.7.2"
        }
      },
      {
        "package": "MultipeerKit",
        "repositoryURL": "https://github.com/insidegui/MultipeerKit",
        "state": {
          "branch": null,
          "revision": "3f430bc28e1426ba42cdaa8b19fb4d89ce6d1c3b",
          "version": "0.1.2"
        }
      },
      {
        "package": "CasePaths",
        "repositoryURL": "https://github.com/pointfreeco/swift-case-paths",
        "state": {
          "branch": null,
          "revision": "a9c1e05518b6d95cf5844d823020376f2b6ff842",
          "version": "0.1.0"
        }
      }
    ]
  },
  "version": 1
}
