{
  "object": {
    "pins": [
      {
        "package": "MultipeerKit",
        "repositoryURL": "https://github.com/insidegui/MultipeerKit",
        "state": {
          "branch": null,
          "revision": "3f430bc28e1426ba42cdaa8b19fb4d89ce6d1c3b",
          "version": "0.1.2"
        }
      }
    ]
  },
  "version": 1
}
