// !$*UTF8*$!
{
	archiveVersion = 1;
	classes = {
	};
	objectVersion = 52;
	objects = {

/* Begin PBXBuildFile section */
		5A27802A241E522F00D015F2 /* AppDelegate.swift in Sources */ = {isa = PBXBuildFile; fileRef = 5A278029241E522F00D015F2 /* AppDelegate.swift */; };
		5A27802C241E522F00D015F2 /* SceneDelegate.swift in Sources */ = {isa = PBXBuildFile; fileRef = 5A27802B241E522F00D015F2 /* SceneDelegate.swift */; };
		5A278030241E523100D015F2 /* Assets.xcassets in Resources */ = {isa = PBXBuildFile; fileRef = 5A27802F241E523100D015F2 /* Assets.xcassets */; };
		5A278033241E523100D015F2 /* Preview Assets.xcassets in Resources */ = {isa = PBXBuildFile; fileRef = 5A278032241E523100D015F2 /* Preview Assets.xcassets */; };
		5A278036241E523100D015F2 /* LaunchScreen.storyboard in Resources */ = {isa = PBXBuildFile; fileRef = 5A278034241E523100D015F2 /* LaunchScreen.storyboard */; };
		5A27803F241E52FA00D015F2 /* MultipeerKit in Frameworks */ = {isa = PBXBuildFile; productRef = 5A27803E241E52FA00D015F2 /* MultipeerKit */; };
		5A278045241E55E900D015F2 /* CompArch in Frameworks */ = {isa = PBXBuildFile; productRef = 5A278044241E55E900D015F2 /* CompArch */; };
		5A64C38F2420F0B800B167C3 /* CasePaths in Frameworks */ = {isa = PBXBuildFile; productRef = 5A64C38E2420F0B800B167C3 /* CasePaths */; };
		5A64C3992420F1F400B167C3 /* Transceiver.swift in Sources */ = {isa = PBXBuildFile; fileRef = 5A64C3912420F1F400B167C3 /* Transceiver.swift */; };
		5A64C39A2420F1F400B167C3 /* Message.swift in Sources */ = {isa = PBXBuildFile; fileRef = 5A64C3922420F1F400B167C3 /* Message.swift */; };
		5A64C39B2420F1F400B167C3 /* HistoryView+CA.swift in Sources */ = {isa = PBXBuildFile; fileRef = 5A64C3932420F1F400B167C3 /* HistoryView+CA.swift */; };
		5A64C39C2420F1F400B167C3 /* RangeReplaceableCollection+ext.swift in Sources */ = {isa = PBXBuildFile; fileRef = 5A64C3952420F1F400B167C3 /* RangeReplaceableCollection+ext.swift */; };
		5A64C39D2420F1F400B167C3 /* Step.swift in Sources */ = {isa = PBXBuildFile; fileRef = 5A64C3962420F1F400B167C3 /* Step.swift */; };
		5A64C39E2420F1F400B167C3 /* HistoryView.swift in Sources */ = {isa = PBXBuildFile; fileRef = 5A64C3972420F1F400B167C3 /* HistoryView.swift */; };
		5A64C39F2420F1F400B167C3 /* RowView.swift in Sources */ = {isa = PBXBuildFile; fileRef = 5A64C3982420F1F400B167C3 /* RowView.swift */; };
/* End PBXBuildFile section */

/* Begin PBXFileReference section */
		5A278026241E522F00D015F2 /* Historian.app */ = {isa = PBXFileReference; explicitFileType = wrapper.application; includeInIndex = 0; path = Historian.app; sourceTree = BUILT_PRODUCTS_DIR; };
		5A278029241E522F00D015F2 /* AppDelegate.swift */ = {isa = PBXFileReference; lastKnownFileType = sourcecode.swift; path = AppDelegate.swift; sourceTree = "<group>"; };
		5A27802B241E522F00D015F2 /* SceneDelegate.swift */ = {isa = PBXFileReference; lastKnownFileType = sourcecode.swift; path = SceneDelegate.swift; sourceTree = "<group>"; };
		5A27802F241E523100D015F2 /* Assets.xcassets */ = {isa = PBXFileReference; lastKnownFileType = folder.assetcatalog; path = Assets.xcassets; sourceTree = "<group>"; };
		5A278032241E523100D015F2 /* Preview Assets.xcassets */ = {isa = PBXFileReference; lastKnownFileType = folder.assetcatalog; path = "Preview Assets.xcassets"; sourceTree = "<group>"; };
		5A278035241E523100D015F2 /* Base */ = {isa = PBXFileReference; lastKnownFileType = file.storyboard; name = Base; path = Base.lproj/LaunchScreen.storyboard; sourceTree = "<group>"; };
		5A278037241E523100D015F2 /* Info.plist */ = {isa = PBXFileReference; lastKnownFileType = text.plist.xml; path = Info.plist; sourceTree = "<group>"; };
		5A64C3912420F1F400B167C3 /* Transceiver.swift */ = {isa = PBXFileReference; fileEncoding = 4; lastKnownFileType = sourcecode.swift; path = Transceiver.swift; sourceTree = "<group>"; };
		5A64C3922420F1F400B167C3 /* Message.swift */ = {isa = PBXFileReference; fileEncoding = 4; lastKnownFileType = sourcecode.swift; path = Message.swift; sourceTree = "<group>"; };
		5A64C3932420F1F400B167C3 /* HistoryView+CA.swift */ = {isa = PBXFileReference; fileEncoding = 4; lastKnownFileType = sourcecode.swift; path = "HistoryView+CA.swift"; sourceTree = "<group>"; };
		5A64C3952420F1F400B167C3 /* RangeReplaceableCollection+ext.swift */ = {isa = PBXFileReference; fileEncoding = 4; lastKnownFileType = sourcecode.swift; path = "RangeReplaceableCollection+ext.swift"; sourceTree = "<group>"; };
		5A64C3962420F1F400B167C3 /* Step.swift */ = {isa = PBXFileReference; fileEncoding = 4; lastKnownFileType = sourcecode.swift; path = Step.swift; sourceTree = "<group>"; };
		5A64C3972420F1F400B167C3 /* HistoryView.swift */ = {isa = PBXFileReference; fileEncoding = 4; lastKnownFileType = sourcecode.swift; path = HistoryView.swift; sourceTree = "<group>"; };
		5A64C3982420F1F400B167C3 /* RowView.swift */ = {isa = PBXFileReference; fileEncoding = 4; lastKnownFileType = sourcecode.swift; path = RowView.swift; sourceTree = "<group>"; };
/* End PBXFileReference section */

/* Begin PBXFrameworksBuildPhase section */
		5A278023241E522F00D015F2 /* Frameworks */ = {
			isa = PBXFrameworksBuildPhase;
			buildActionMask = 2147483647;
			files = (
				5A27803F241E52FA00D015F2 /* MultipeerKit in Frameworks */,
				5A278045241E55E900D015F2 /* CompArch in Frameworks */,
				5A64C38F2420F0B800B167C3 /* CasePaths in Frameworks */,
			);
			runOnlyForDeploymentPostprocessing = 0;
		};
/* End PBXFrameworksBuildPhase section */

/* Begin PBXGroup section */
		5A27801D241E522F00D015F2 = {
			isa = PBXGroup;
			children = (
				5A278028241E522F00D015F2 /* Historian */,
				5A64C3902420F1F400B167C3 /* HistoryView */,
				5A278027241E522F00D015F2 /* Products */,
			);
			sourceTree = "<group>";
		};
		5A278027241E522F00D015F2 /* Products */ = {
			isa = PBXGroup;
			children = (
				5A278026241E522F00D015F2 /* Historian.app */,
			);
			name = Products;
			sourceTree = "<group>";
		};
		5A278028241E522F00D015F2 /* Historian */ = {
			isa = PBXGroup;
			children = (
				5A278037241E523100D015F2 /* Info.plist */,
				5A278029241E522F00D015F2 /* AppDelegate.swift */,
				5A27802B241E522F00D015F2 /* SceneDelegate.swift */,
				5A27802F241E523100D015F2 /* Assets.xcassets */,
				5A278034241E523100D015F2 /* LaunchScreen.storyboard */,
				5A278031241E523100D015F2 /* Preview Content */,
			);
			path = Historian;
			sourceTree = "<group>";
		};
		5A278031241E523100D015F2 /* Preview Content */ = {
			isa = PBXGroup;
			children = (
				5A278032241E523100D015F2 /* Preview Assets.xcassets */,
			);
			path = "Preview Content";
			sourceTree = "<group>";
		};
		5A64C3902420F1F400B167C3 /* HistoryView */ = {
			isa = PBXGroup;
			children = (
				5A64C3912420F1F400B167C3 /* Transceiver.swift */,
				5A64C3922420F1F400B167C3 /* Message.swift */,
				5A64C3932420F1F400B167C3 /* HistoryView+CA.swift */,
				5A64C3942420F1F400B167C3 /* Extensions */,
				5A64C3962420F1F400B167C3 /* Step.swift */,
				5A64C3972420F1F400B167C3 /* HistoryView.swift */,
				5A64C3982420F1F400B167C3 /* RowView.swift */,
			);
			name = HistoryView;
			path = ../HistoryView;
			sourceTree = "<group>";
		};
		5A64C3942420F1F400B167C3 /* Extensions */ = {
			isa = PBXGroup;
			children = (
				5A64C3952420F1F400B167C3 /* RangeReplaceableCollection+ext.swift */,
			);
			path = Extensions;
			sourceTree = "<group>";
		};
/* End PBXGroup section */

/* Begin PBXNativeTarget section */
		5A278025241E522F00D015F2 /* Historian */ = {
			isa = PBXNativeTarget;
			buildConfigurationList = 5A27803A241E523100D015F2 /* Build configuration list for PBXNativeTarget "Historian" */;
			buildPhases = (
				5A278022241E522F00D015F2 /* Sources */,
				5A278023241E522F00D015F2 /* Frameworks */,
				5A278024241E522F00D015F2 /* Resources */,
			);
			buildRules = (
			);
			dependencies = (
			);
			name = Historian;
			packageProductDependencies = (
				5A27803E241E52FA00D015F2 /* MultipeerKit */,
				5A278044241E55E900D015F2 /* CompArch */,
				5A64C38E2420F0B800B167C3 /* CasePaths */,
			);
			productName = Historian;
			productReference = 5A278026241E522F00D015F2 /* Historian.app */;
			productType = "com.apple.product-type.application";
		};
/* End PBXNativeTarget section */

/* Begin PBXProject section */
		5A27801E241E522F00D015F2 /* Project object */ = {
			isa = PBXProject;
			attributes = {
				LastSwiftUpdateCheck = 1140;
				LastUpgradeCheck = 1140;
				ORGANIZATIONNAME = finestructure;
				TargetAttributes = {
					5A278025241E522F00D015F2 = {
						CreatedOnToolsVersion = 11.4;
					};
				};
			};
			buildConfigurationList = 5A278021241E522F00D015F2 /* Build configuration list for PBXProject "Historian" */;
			compatibilityVersion = "Xcode 9.3";
			developmentRegion = en;
			hasScannedForEncodings = 0;
			knownRegions = (
				en,
				Base,
			);
			mainGroup = 5A27801D241E522F00D015F2;
			packageReferences = (
				5A27803D241E52FA00D015F2 /* XCRemoteSwiftPackageReference "MultipeerKit" */,
				5A278043241E55E900D015F2 /* XCRemoteSwiftPackageReference "CompArch" */,
				5A64C38D2420F0B800B167C3 /* XCRemoteSwiftPackageReference "swift-case-paths" */,
			);
			productRefGroup = 5A278027241E522F00D015F2 /* Products */;
			projectDirPath = "";
			projectRoot = "";
			targets = (
				5A278025241E522F00D015F2 /* Historian */,
			);
		};
/* End PBXProject section */

/* Begin PBXResourcesBuildPhase section */
		5A278024241E522F00D015F2 /* Resources */ = {
			isa = PBXResourcesBuildPhase;
			buildActionMask = 2147483647;
			files = (
				5A278036241E523100D015F2 /* LaunchScreen.storyboard in Resources */,
				5A278033241E523100D015F2 /* Preview Assets.xcassets in Resources */,
				5A278030241E523100D015F2 /* Assets.xcassets in Resources */,
			);
			runOnlyForDeploymentPostprocessing = 0;
		};
/* End PBXResourcesBuildPhase section */

/* Begin PBXSourcesBuildPhase section */
		5A278022241E522F00D015F2 /* Sources */ = {
			isa = PBXSourcesBuildPhase;
			buildActionMask = 2147483647;
			files = (
				5A64C39B2420F1F400B167C3 /* HistoryView+CA.swift in Sources */,
				5A64C39E2420F1F400B167C3 /* HistoryView.swift in Sources */,
				5A64C3992420F1F400B167C3 /* Transceiver.swift in Sources */,
				5A64C39C2420F1F400B167C3 /* RangeReplaceableCollection+ext.swift in Sources */,
				5A64C39F2420F1F400B167C3 /* RowView.swift in Sources */,
				5A64C39D2420F1F400B167C3 /* Step.swift in Sources */,
				5A64C39A2420F1F400B167C3 /* Message.swift in Sources */,
				5A27802A241E522F00D015F2 /* AppDelegate.swift in Sources */,
				5A27802C241E522F00D015F2 /* SceneDelegate.swift in Sources */,
			);
			runOnlyForDeploymentPostprocessing = 0;
		};
/* End PBXSourcesBuildPhase section */

/* Begin PBXVariantGroup section */
		5A278034241E523100D015F2 /* LaunchScreen.storyboard */ = {
			isa = PBXVariantGroup;
			children = (
				5A278035241E523100D015F2 /* Base */,
			);
			name = LaunchScreen.storyboard;
			sourceTree = "<group>";
		};
/* End PBXVariantGroup section */

/* Begin XCBuildConfiguration section */
		5A278038241E523100D015F2 /* Debug */ = {
			isa = XCBuildConfiguration;
			buildSettings = {
				ALWAYS_SEARCH_USER_PATHS = NO;
				CLANG_ANALYZER_NONNULL = YES;
				CLANG_ANALYZER_NUMBER_OBJECT_CONVERSION = YES_AGGRESSIVE;
				CLANG_CXX_LANGUAGE_STANDARD = "gnu++14";
				CLANG_CXX_LIBRARY = "libc++";
				CLANG_ENABLE_MODULES = YES;
				CLANG_ENABLE_OBJC_ARC = YES;
				CLANG_ENABLE_OBJC_WEAK = YES;
				CLANG_WARN_BLOCK_CAPTURE_AUTORELEASING = YES;
				CLANG_WARN_BOOL_CONVERSION = YES;
				CLANG_WARN_COMMA = YES;
				CLANG_WARN_CONSTANT_CONVERSION = YES;
				CLANG_WARN_DEPRECATED_OBJC_IMPLEMENTATIONS = YES;
				CLANG_WARN_DIRECT_OBJC_ISA_USAGE = YES_ERROR;
				CLANG_WARN_DOCUMENTATION_COMMENTS = YES;
				CLANG_WARN_EMPTY_BODY = YES;
				CLANG_WARN_ENUM_CONVERSION = YES;
				CLANG_WARN_INFINITE_RECURSION = YES;
				CLANG_WARN_INT_CONVERSION = YES;
				CLANG_WARN_NON_LITERAL_NULL_CONVERSION = YES;
				CLANG_WARN_OBJC_IMPLICIT_RETAIN_SELF = YES;
				CLANG_WARN_OBJC_LITERAL_CONVERSION = YES;
				CLANG_WARN_OBJC_ROOT_CLASS = YES_ERROR;
				CLANG_WARN_RANGE_LOOP_ANALYSIS = YES;
				CLANG_WARN_STRICT_PROTOTYPES = YES;
				CLANG_WARN_SUSPICIOUS_MOVE = YES;
				CLANG_WARN_UNGUARDED_AVAILABILITY = YES_AGGRESSIVE;
				CLANG_WARN_UNREACHABLE_CODE = YES;
				CLANG_WARN__DUPLICATE_METHOD_MATCH = YES;
				COPY_PHASE_STRIP = NO;
				DEBUG_INFORMATION_FORMAT = dwarf;
				ENABLE_STRICT_OBJC_MSGSEND = YES;
				ENABLE_TESTABILITY = YES;
				GCC_C_LANGUAGE_STANDARD = gnu11;
				GCC_DYNAMIC_NO_PIC = NO;
				GCC_NO_COMMON_BLOCKS = YES;
				GCC_OPTIMIZATION_LEVEL = 0;
				GCC_PREPROCESSOR_DEFINITIONS = (
					"DEBUG=1",
					"$(inherited)",
				);
				GCC_WARN_64_TO_32_BIT_CONVERSION = YES;
				GCC_WARN_ABOUT_RETURN_TYPE = YES_ERROR;
				GCC_WARN_UNDECLARED_SELECTOR = YES;
				GCC_WARN_UNINITIALIZED_AUTOS = YES_AGGRESSIVE;
				GCC_WARN_UNUSED_FUNCTION = YES;
				GCC_WARN_UNUSED_VARIABLE = YES;
				IPHONEOS_DEPLOYMENT_TARGET = 13.0;
				MTL_ENABLE_DEBUG_INFO = INCLUDE_SOURCE;
				MTL_FAST_MATH = YES;
				ONLY_ACTIVE_ARCH = YES;
				SDKROOT = iphoneos;
				SWIFT_ACTIVE_COMPILATION_CONDITIONS = DEBUG;
				SWIFT_OPTIMIZATION_LEVEL = "-Onone";
			};
			name = Debug;
		};
		5A278039241E523100D015F2 /* Release */ = {
			isa = XCBuildConfiguration;
			buildSettings = {
				ALWAYS_SEARCH_USER_PATHS = NO;
				CLANG_ANALYZER_NONNULL = YES;
				CLANG_ANALYZER_NUMBER_OBJECT_CONVERSION = YES_AGGRESSIVE;
				CLANG_CXX_LANGUAGE_STANDARD = "gnu++14";
				CLANG_CXX_LIBRARY = "libc++";
				CLANG_ENABLE_MODULES = YES;
				CLANG_ENABLE_OBJC_ARC = YES;
				CLANG_ENABLE_OBJC_WEAK = YES;
				CLANG_WARN_BLOCK_CAPTURE_AUTORELEASING = YES;
				CLANG_WARN_BOOL_CONVERSION = YES;
				CLANG_WARN_COMMA = YES;
				CLANG_WARN_CONSTANT_CONVERSION = YES;
				CLANG_WARN_DEPRECATED_OBJC_IMPLEMENTATIONS = YES;
				CLANG_WARN_DIRECT_OBJC_ISA_USAGE = YES_ERROR;
				CLANG_WARN_DOCUMENTATION_COMMENTS = YES;
				CLANG_WARN_EMPTY_BODY = YES;
				CLANG_WARN_ENUM_CONVERSION = YES;
				CLANG_WARN_INFINITE_RECURSION = YES;
				CLANG_WARN_INT_CONVERSION = YES;
				CLANG_WARN_NON_LITERAL_NULL_CONVERSION = YES;
				CLANG_WARN_OBJC_IMPLICIT_RETAIN_SELF = YES;
				CLANG_WARN_OBJC_LITERAL_CONVERSION = YES;
				CLANG_WARN_OBJC_ROOT_CLASS = YES_ERROR;
				CLANG_WARN_RANGE_LOOP_ANALYSIS = YES;
				CLANG_WARN_STRICT_PROTOTYPES = YES;
				CLANG_WARN_SUSPICIOUS_MOVE = YES;
				CLANG_WARN_UNGUARDED_AVAILABILITY = YES_AGGRESSIVE;
				CLANG_WARN_UNREACHABLE_CODE = YES;
				CLANG_WARN__DUPLICATE_METHOD_MATCH = YES;
				COPY_PHASE_STRIP = NO;
				DEBUG_INFORMATION_FORMAT = "dwarf-with-dsym";
				ENABLE_NS_ASSERTIONS = NO;
				ENABLE_STRICT_OBJC_MSGSEND = YES;
				GCC_C_LANGUAGE_STANDARD = gnu11;
				GCC_NO_COMMON_BLOCKS = YES;
				GCC_WARN_64_TO_32_BIT_CONVERSION = YES;
				GCC_WARN_ABOUT_RETURN_TYPE = YES_ERROR;
				GCC_WARN_UNDECLARED_SELECTOR = YES;
				GCC_WARN_UNINITIALIZED_AUTOS = YES_AGGRESSIVE;
				GCC_WARN_UNUSED_FUNCTION = YES;
				GCC_WARN_UNUSED_VARIABLE = YES;
				IPHONEOS_DEPLOYMENT_TARGET = 13.0;
				MTL_ENABLE_DEBUG_INFO = NO;
				MTL_FAST_MATH = YES;
				SDKROOT = iphoneos;
				SWIFT_COMPILATION_MODE = wholemodule;
				SWIFT_OPTIMIZATION_LEVEL = "-O";
				VALIDATE_PRODUCT = YES;
			};
			name = Release;
		};
		5A27803B241E523100D015F2 /* Debug */ = {
			isa = XCBuildConfiguration;
			buildSettings = {
				ASSETCATALOG_COMPILER_APPICON_NAME = AppIcon;
				CODE_SIGN_STYLE = Automatic;
				DEVELOPMENT_ASSET_PATHS = "\"Historian/Preview Content\"";
				DEVELOPMENT_TEAM = A42K5AU657;
				ENABLE_PREVIEWS = YES;
				INFOPLIST_FILE = Historian/Info.plist;
				LD_RUNPATH_SEARCH_PATHS = (
					"$(inherited)",
					"@executable_path/Frameworks",
				);
				PRODUCT_BUNDLE_IDENTIFIER = co.finestructure.Historian;
				PRODUCT_NAME = "$(TARGET_NAME)";
				SWIFT_VERSION = 5.0;
				TARGETED_DEVICE_FAMILY = "1,2";
			};
			name = Debug;
		};
		5A27803C241E523100D015F2 /* Release */ = {
			isa = XCBuildConfiguration;
			buildSettings = {
				ASSETCATALOG_COMPILER_APPICON_NAME = AppIcon;
				CODE_SIGN_STYLE = Automatic;
				DEVELOPMENT_ASSET_PATHS = "\"Historian/Preview Content\"";
				DEVELOPMENT_TEAM = A42K5AU657;
				ENABLE_PREVIEWS = YES;
				INFOPLIST_FILE = Historian/Info.plist;
				LD_RUNPATH_SEARCH_PATHS = (
					"$(inherited)",
					"@executable_path/Frameworks",
				);
				PRODUCT_BUNDLE_IDENTIFIER = co.finestructure.Historian;
				PRODUCT_NAME = "$(TARGET_NAME)";
				SWIFT_VERSION = 5.0;
				TARGETED_DEVICE_FAMILY = "1,2";
			};
			name = Release;
		};
/* End XCBuildConfiguration section */

/* Begin XCConfigurationList section */
		5A278021241E522F00D015F2 /* Build configuration list for PBXProject "Historian" */ = {
			isa = XCConfigurationList;
			buildConfigurations = (
				5A278038241E523100D015F2 /* Debug */,
				5A278039241E523100D015F2 /* Release */,
			);
			defaultConfigurationIsVisible = 0;
			defaultConfigurationName = Release;
		};
		5A27803A241E523100D015F2 /* Build configuration list for PBXNativeTarget "Historian" */ = {
			isa = XCConfigurationList;
			buildConfigurations = (
				5A27803B241E523100D015F2 /* Debug */,
				5A27803C241E523100D015F2 /* Release */,
			);
			defaultConfigurationIsVisible = 0;
			defaultConfigurationName = Release;
		};
/* End XCConfigurationList section */

/* Begin XCRemoteSwiftPackageReference section */
		5A27803D241E52FA00D015F2 /* XCRemoteSwiftPackageReference "MultipeerKit" */ = {
			isa = XCRemoteSwiftPackageReference;
			repositoryURL = "https://github.com/insidegui/MultipeerKit";
			requirement = {
				kind = upToNextMajorVersion;
				minimumVersion = 0.1.2;
			};
		};
		5A278043241E55E900D015F2 /* XCRemoteSwiftPackageReference "CompArch" */ = {
			isa = XCRemoteSwiftPackageReference;
			repositoryURL = "https://github.com/finestructure/CompArch";
			requirement = {
				kind = upToNextMajorVersion;
				minimumVersion = 0.7.1;
			};
		};
		5A64C38D2420F0B800B167C3 /* XCRemoteSwiftPackageReference "swift-case-paths" */ = {
			isa = XCRemoteSwiftPackageReference;
			repositoryURL = "https://github.com/pointfreeco/swift-case-paths";
			requirement = {
				kind = upToNextMajorVersion;
				minimumVersion = 0.1.0;
			};
		};
/* End XCRemoteSwiftPackageReference section */

/* Begin XCSwiftPackageProductDependency section */
		5A27803E241E52FA00D015F2 /* MultipeerKit */ = {
			isa = XCSwiftPackageProductDependency;
			package = 5A27803D241E52FA00D015F2 /* XCRemoteSwiftPackageReference "MultipeerKit" */;
			productName = MultipeerKit;
		};
		5A278044241E55E900D015F2 /* CompArch */ = {
			isa = XCSwiftPackageProductDependency;
			package = 5A278043241E55E900D015F2 /* XCRemoteSwiftPackageReference "CompArch" */;
			productName = CompArch;
		};
		5A64C38E2420F0B800B167C3 /* CasePaths */ = {
			isa = XCSwiftPackageProductDependency;
			package = 5A64C38D2420F0B800B167C3 /* XCRemoteSwiftPackageReference "swift-case-paths" */;
			productName = CasePaths;
		};
/* End XCSwiftPackageProductDependency section */
	};
	rootObject = 5A27801E241E522F00D015F2 /* Project object */;
}
